
Microsoft Visual Studio Solution File, Format Version 10.00
# Visual Studio 2008
Project("{FAE04EC0-301F-11D3-BF4B-00C04F79EFBC}") = "ShoutcastBrowser", "ShoutcastBrowser.csproj", "{2E79A872-1596-4C2A-B6A5-2E24A63ECD4E}"
EndProject
Project("{FAE04EC0-301F-11D3-BF4B-00C04F79EFBC}") = "ShoutcastIntegration", "..\ShoutcastIntegration\ShoutcastIntegration.csproj", "{F21831D0-6CE5-4779-BAB1-91C191EBE206}"
EndProject
Project("{FAE04EC0-301F-11D3-BF4B-00C04F79EFBC}") = "ShoutcastIntegration.Test", "..\ShoutcastIntegration.Test\ShoutcastIntegration.Test.csproj", "{98B21997-4211-480E-955F-C2964AF2EC91}"
EndProject
Project("{2150E333-8FDC-42A3-9474-1A3956D46DE8}") = "Solution Items", "Solution Items", "{F3B39FE2-B9F3-4176-A4B8-76EBBCFA6DCA}"
	ProjectSection(SolutionItems) = preProject
		LocalTestRun.testrunconfig = LocalTestRun.testrunconfig
		ShoutcastBrowser.vsmdi = ShoutcastBrowser.vsmdi
	EndProjectSection
EndProject
Project("{FAE04EC0-301F-11D3-BF4B-00C04F79EFBC}") = "ThreadSafeCollections", "..\ThreadSafeCollections\ThreadSafeCollections.csproj", "{1E83B167-2F77-4319-8968-A5287AAC8BF0}"
EndProject
Global
	GlobalSection(SolutionConfigurationPlatforms) = preSolution
		Debug|Any CPU = Debug|Any CPU
		Release|Any CPU = Release|Any CPU
	EndGlobalSection
	GlobalSection(ProjectConfigurationPlatforms) = postSolution
		{2E79A872-1596-4C2A-B6A5-2E24A63ECD4E}.Debug|Any CPU.ActiveCfg = Debug|Any CPU
		{2E79A872-1596-4C2A-B6A5-2E24A63ECD4E}.Debug|Any CPU.Build.0 = Debug|Any CPU
		{2E79A872-1596-4C2A-B6A5-2E24A63ECD4E}.Release|Any CPU.ActiveCfg = Release|Any CPU
		{2E79A872-1596-4C2A-B6A5-2E24A63ECD4E}.Release|Any CPU.Build.0 = Release|Any CPU
		{F21831D0-6CE5-4779-BAB1-91C191EBE206}.Debug|Any CPU.ActiveCfg = Debug|Any CPU
		{F21831D0-6CE5-4779-BAB1-91C191EBE206}.Debug|Any CPU.Build.0 = Debug|Any CPU
		{F21831D0-6CE5-4779-BAB1-91C191EBE206}.Release|Any CPU.ActiveCfg = Release|Any CPU
		{F21831D0-6CE5-4779-BAB1-91C191EBE206}.Release|Any CPU.Build.0 = Release|Any CPU
		{98B21997-4211-480E-955F-C2964AF2EC91}.Debug|Any CPU.ActiveCfg = Debug|Any CPU
		{98B21997-4211-480E-955F-C2964AF2EC91}.Debug|Any CPU.Build.0 = Debug|Any CPU
		{98B21997-4211-480E-955F-C2964AF2EC91}.Release|Any CPU.ActiveCfg = Release|Any CPU
		{98B21997-4211-480E-955F-C2964AF2EC91}.Release|Any CPU.Build.0 = Release|Any CPU
		{1E83B167-2F77-4319-8968-A5287AAC8BF0}.Debug|Any CPU.ActiveCfg = Debug|Any CPU
		{1E83B167-2F77-4319-8968-A5287AAC8BF0}.Debug|Any CPU.Build.0 = Debug|Any CPU
		{1E83B167-2F77-4319-8968-A5287AAC8BF0}.Release|Any CPU.ActiveCfg = Release|Any CPU
		{1E83B167-2F77-4319-8968-A5287AAC8BF0}.Release|Any CPU.Build.0 = Release|Any CPU
	EndGlobalSection
	GlobalSection(SolutionProperties) = preSolution
		HideSolutionNode = FALSE
	EndGlobalSection
EndGlobal
